
Microsoft Visual Studio Solution File, Format Version 12.00
# Visual Studio Version 16
VisualStudioVersion = 16.0.30804.86
MinimumVisualStudioVersion = 10.0.40219.1
Project("{FAE04EC0-301F-11D3-BF4B-00C04F79EFBC}") = "FlaskeAutomat", "FlaskeAutomat\FlaskeAutomat.csproj", "{375F6F4B-9DFA-4635-BCB7-3ACF17733C71}"
EndProject
Global
	GlobalSection(SolutionConfigurationPlatforms) = preSolution
		Debug|Any CPU = Debug|Any CPU
		Release|Any CPU = Release|Any CPU
	EndGlobalSection
	GlobalSection(ProjectConfigurationPlatforms) = postSolution
		{375F6F4B-9DFA-4635-BCB7-3ACF17733C71}.Debug|Any CPU.ActiveCfg = Debug|Any CPU
		{375F6F4B-9DFA-4635-BCB7-3ACF17733C71}.Debug|Any CPU.Build.0 = Debug|Any CPU
		{375F6F4B-9DFA-4635-BCB7-3ACF17733C71}.Release|Any CPU.ActiveCfg = Release|Any CPU
		{375F6F4B-9DFA-4635-BCB7-3ACF17733C71}.Release|Any CPU.Build.0 = Release|Any CPU
	EndGlobalSection
	GlobalSection(SolutionProperties) = preSolution
		HideSolutionNode = FALSE
	EndGlobalSection
	GlobalSection(ExtensibilityGlobals) = postSolution
		SolutionGuid = {B662ABFB-A579-4FD3-B043-4D946C8EF9AD}
	EndGlobalSection
EndGlobal
